{
  "version": 4,
  "terraform_version": "1.5.6",
  "serial": 49,
  "lineage": "7e514300-e427-16e0-2f78-cebf0b890b55",
  "outputs": {
    "api_docs_url": {
      "value": "http://65.1.251.65:8000/docs",
      "type": "string"
    },
    "backend_api_url": {
      "value": "http://65.1.251.65:8000",
      "type": "string"
    },
    "cloudwatch_log_group": {
      "value": "/aws/ec2/cicd-dashboard",
      "type": "string"
    },
    "connection_info": {
      "value": {
        "api_docs_url": "http://65.1.251.65:8000/docs",
        "dashboard_url": "http://65.1.251.65:3000",
        "health_check": "curl http://65.1.251.65:8000/api/health",
        "jenkins_url": "http://65.1.251.65:8080",
        "ssh_command": "ssh -i ~/.ssh/id_rsa ec2-user@65.1.251.65"
      },
      "type": [
        "object",
        {
          "api_docs_url": "string",
          "dashboard_url": "string",
          "health_check": "string",
          "jenkins_url": "string",
          "ssh_command": "string"
        }
      ]
    },
    "dashboard_url": {
      "value": "http://65.1.251.65:3000",
      "type": "string"
    },
    "deployment_status": {
      "value": {
        "api_url": "http://65.1.251.65:8000",
        "dashboard_url": "http://65.1.251.65:3000",
        "instance_state": "running",
        "jenkins_url": "http://65.1.251.65:8080",
        "public_ip": "65.1.251.65"
      },
      "type": [
        "object",
        {
          "api_url": "string",
          "dashboard_url": "string",
          "instance_state": "string",
          "jenkins_url": "string",
          "public_ip": "string"
        }
      ]
    },
    "elastic_ip": {
      "value": "65.1.251.65",
      "type": "string"
    },
    "instance_id": {
      "value": "i-07cbb28dd4a8c4d2f",
      "type": "string"
    },
    "instance_public_dns": {
      "value": "ec2-65-1-251-65.ap-south-1.compute.amazonaws.com",
      "type": "string"
    },
    "instance_public_ip": {
      "value": "65.1.251.65",
      "type": "string"
    },
    "jenkins_url": {
      "value": "http://65.1.251.65:8080",
      "type": "string"
    },
    "private_subnet_ids": {
      "value": [
        "subnet-041ed922b48dbcd86",
        "subnet-05c00170001795b5a"
      ],
      "type": [
        "tuple",
        [
          "string",
          "string"
        ]
      ]
    },
    "public_subnet_ids": {
      "value": [
        "subnet-0653ffa0802a1e05c",
        "subnet-0547261d1c1839949"
      ],
      "type": [
        "tuple",
        [
          "string",
          "string"
        ]
      ]
    },
    "security_group_id": {
      "value": "sg-0f8b44050749083af",
      "type": "string"
    },
    "ssh_connection_command": {
      "value": "ssh -i ~/.ssh/id_rsa ec2-user@65.1.251.65",
      "type": "string"
    },
    "vpc_id": {
      "value": "vpc-0d4b887f95f5353cc",
      "type": "string"
    }
  },
  "resources": [
    {
      "mode": "data",
      "type": "aws_ami",
      "name": "amazon_linux",
      "provider": "provider[\"registry.terraform.io/hashicorp/aws\"]",
      "instances": [
        {
          "schema_version": 0,
          "attributes": {
            "architecture": "x86_64",
            "arn": "arn:aws:ec2:ap-south-1::image/ami-0d4cbf33677f7d3c5",
            "block_device_mappings": [
              {
                "device_name": "/dev/xvda",
                "ebs": {
                  "delete_on_termination": "true",
                  "encrypted": "false",
                  "iops": "0",
                  "snapshot_id": "snap-0b96c1c4546806f62",
                  "throughput": "0",
                  "volume_initialization_rate": "0",
                  "volume_size": "8",
                  "volume_type": "gp2"
                },
                "no_device": "",
                "virtual_name": ""
              }
            ],
            "boot_mode": "",
            "creation_date": "2025-09-10T19:04:07.000Z",
            "deprecation_time": "2025-12-09T19:04:00.000Z",
            "description": "Amazon Linux 2 AMI 2.0.20250915.0 x86_64 HVM gp2",
            "ena_support": true,
            "executable_users": null,
            "filter": [
              {
                "name": "name",
                "values": [
                  "amzn2-ami-hvm-*-x86_64-gp2"
                ]
              },
              {
                "name": "virtualization-type",
                "values": [
                  "hvm"
                ]
              }
            ],
            "hypervisor": "xen",
            "id": "ami-0d4cbf33677f7d3c5",
            "image_id": "ami-0d4cbf33677f7d3c5",
            "image_location": "amazon/amzn2-ami-hvm-2.0.20250915.0-x86_64-gp2",
            "image_owner_alias": "amazon",
            "image_type": "machine",
            "imds_support": "",
            "include_deprecated": false,
            "kernel_id": "",
            "last_launched_time": "",
            "most_recent": true,
            "name": "amzn2-ami-hvm-2.0.20250915.0-x86_64-gp2",
            "name_regex": null,
            "owner_id": "137112412989",
            "owners": [
              "amazon"
            ],
            "platform": "",
            "platform_details": "Linux/UNIX",
            "product_codes": [],
            "public": true,
            "ramdisk_id": "",
            "root_device_name": "/dev/xvda",
            "root_device_type": "ebs",
            "root_snapshot_id": "snap-0b96c1c4546806f62",
            "sriov_net_support": "simple",
            "state": "available",
            "state_reason": {
              "code": "UNSET",
              "message": "UNSET"
            },
            "tags": {},
            "timeouts": null,
            "tpm_support": "",
            "uefi_data": null,
            "usage_operation": "RunInstances",
            "virtualization_type": "hvm"
          },
          "sensitive_attributes": []
        }
      ]
    },
    {
      "mode": "data",
      "type": "aws_availability_zones",
      "name": "available",
      "provider": "provider[\"registry.terraform.io/hashicorp/aws\"]",
      "instances": [
        {
          "schema_version": 0,
          "attributes": {
            "all_availability_zones": null,
            "exclude_names": null,
            "exclude_zone_ids": null,
            "filter": null,
            "group_names": [
              "ap-south-1-zg-1"
            ],
            "id": "ap-south-1",
            "names": [
              "ap-south-1a",
              "ap-south-1b",
              "ap-south-1c"
            ],
            "state": "available",
            "timeouts": null,
            "zone_ids": [
              "aps1-az1",
              "aps1-az3",
              "aps1-az2"
            ]
          },
          "sensitive_attributes": []
        }
      ]
    },
    {
      "mode": "managed",
      "type": "aws_cloudwatch_log_group",
      "name": "app",
      "provider": "provider[\"registry.terraform.io/hashicorp/aws\"]",
      "instances": [
        {
          "schema_version": 0,
          "attributes": {
            "arn": "arn:aws:logs:ap-south-1:992382739086:log-group:/aws/ec2/cicd-dashboard",
            "id": "/aws/ec2/cicd-dashboard",
            "kms_key_id": "",
            "log_group_class": "STANDARD",
            "name": "/aws/ec2/cicd-dashboard",
            "name_prefix": "",
            "retention_in_days": 7,
            "skip_destroy": false,
            "tags": {
              "Name": "cicd-dashboard-logs"
            },
            "tags_all": {
              "CreatedBy": "ai-assisted",
              "Environment": "dev",
              "ManagedBy": "terraform",
              "Name": "cicd-dashboard-logs",
              "Project": "cicd-health-dashboard"
            }
          },
          "sensitive_attributes": [],
          "private": "bnVsbA=="
        }
      ]
    },
    {
      "mode": "managed",
      "type": "aws_eip",
      "name": "main",
      "provider": "provider[\"registry.terraform.io/hashicorp/aws\"]",
      "instances": [
        {
          "schema_version": 0,
          "attributes": {
            "address": null,
            "allocation_id": "eipalloc-0a7db628f1e55fde8",
            "arn": "arn:aws:ec2:ap-south-1:992382739086:elastic-ip/eipalloc-0a7db628f1e55fde8",
            "associate_with_private_ip": null,
            "association_id": "eipassoc-0bec6d0b78657ba61",
            "carrier_ip": "",
            "customer_owned_ip": "",
            "customer_owned_ipv4_pool": "",
            "domain": "vpc",
            "id": "eipalloc-0a7db628f1e55fde8",
            "instance": "i-07cbb28dd4a8c4d2f",
            "ipam_pool_id": null,
            "network_border_group": "ap-south-1",
            "network_interface": "eni-007807e064a0ac8e6",
            "private_dns": "ip-10-0-1-84.ap-south-1.compute.internal",
            "private_ip": "10.0.1.84",
            "ptr_record": "",
            "public_dns": "ec2-65-1-251-65.ap-south-1.compute.amazonaws.com",
            "public_ip": "65.1.251.65",
            "public_ipv4_pool": "amazon",
            "tags": {
              "Name": "cicd-dashboard-eip"
            },
            "tags_all": {
              "CreatedBy": "ai-assisted",
              "Environment": "dev",
              "ManagedBy": "terraform",
              "Name": "cicd-dashboard-eip",
              "Project": "cicd-health-dashboard"
            },
            "timeouts": null,
            "vpc": true
          },
          "sensitive_attributes": [],
          "private": "eyJlMmJmYjczMC1lY2FhLTExZTYtOGY4OC0zNDM2M2JjN2M0YzAiOnsiZGVsZXRlIjoxODAwMDAwMDAwMDAsInJlYWQiOjkwMDAwMDAwMDAwMCwidXBkYXRlIjozMDAwMDAwMDAwMDB9fQ==",
          "dependencies": [
            "aws_instance.main",
            "aws_internet_gateway.main",
            "aws_key_pair.main",
            "aws_security_group.ec2",
            "aws_subnet.public",
            "aws_vpc.main",
            "data.aws_ami.amazon_linux",
            "data.aws_availability_zones.available"
          ]
        }
      ]
    },
    {
      "mode": "managed",
      "type": "aws_instance",
      "name": "main",
      "provider": "provider[\"registry.terraform.io/hashicorp/aws\"]",
      "instances": [
        {
          "schema_version": 1,
          "attributes": {
            "ami": "ami-0d4cbf33677f7d3c5",
            "arn": "arn:aws:ec2:ap-south-1:992382739086:instance/i-07cbb28dd4a8c4d2f",
            "associate_public_ip_address": true,
            "availability_zone": "ap-south-1a",
            "capacity_reservation_specification": [
              {
                "capacity_reservation_preference": "open",
                "capacity_reservation_target": []
              }
            ],
            "cpu_core_count": 1,
            "cpu_options": [
              {
                "amd_sev_snp": "",
                "core_count": 1,
                "threads_per_core": 2
              }
            ],
            "cpu_threads_per_core": 2,
            "credit_specification": [
              {
                "cpu_credits": "unlimited"
              }
            ],
            "disable_api_stop": false,
            "disable_api_termination": false,
            "ebs_block_device": [],
            "ebs_optimized": false,
            "enable_primary_ipv6": null,
            "enclave_options": [
              {
                "enabled": false
              }
            ],
            "ephemeral_block_device": [],
            "get_password_data": false,
            "hibernation": false,
            "host_id": "",
            "host_resource_group_arn": null,
            "iam_instance_profile": "",
            "id": "i-07cbb28dd4a8c4d2f",
            "instance_initiated_shutdown_behavior": "stop",
            "instance_lifecycle": "",
            "instance_market_options": [],
            "instance_state": "running",
            "instance_type": "t3.small",
            "ipv6_address_count": 0,
            "ipv6_addresses": [],
            "key_name": "cicd-dashboard-key",
            "launch_template": [],
            "maintenance_options": [
              {
                "auto_recovery": "default"
              }
            ],
            "metadata_options": [
              {
                "http_endpoint": "enabled",
                "http_protocol_ipv6": "disabled",
                "http_put_response_hop_limit": 1,
                "http_tokens": "optional",
                "instance_metadata_tags": "disabled"
              }
            ],
            "monitoring": false,
            "network_interface": [],
            "outpost_arn": "",
            "password_data": "",
            "placement_group": "",
            "placement_partition_number": 0,
            "primary_network_interface_id": "eni-007807e064a0ac8e6",
            "private_dns": "ip-10-0-1-84.ap-south-1.compute.internal",
            "private_dns_name_options": [
              {
                "enable_resource_name_dns_a_record": false,
                "enable_resource_name_dns_aaaa_record": false,
                "hostname_type": "ip-name"
              }
            ],
            "private_ip": "10.0.1.84",
            "public_dns": "ec2-65-1-251-65.ap-south-1.compute.amazonaws.com",
            "public_ip": "65.1.251.65",
            "root_block_device": [
              {
                "delete_on_termination": true,
                "device_name": "/dev/xvda",
                "encrypted": true,
                "iops": 3000,
                "kms_key_id": "arn:aws:kms:ap-south-1:992382739086:key/ee3640fe-314b-4503-b6ad-72da66f992b2",
                "tags": {
                  "Name": "cicd-dashboard-root-volume"
                },
                "tags_all": {
                  "CreatedBy": "ai-assisted",
                  "Environment": "dev",
                  "ManagedBy": "terraform",
                  "Name": "cicd-dashboard-root-volume",
                  "Project": "cicd-health-dashboard"
                },
                "throughput": 125,
                "volume_id": "vol-0104cb7c2a2d64d02",
                "volume_size": 20,
                "volume_type": "gp3"
              }
            ],
            "secondary_private_ips": [],
            "security_groups": [],
            "source_dest_check": true,
            "spot_instance_request_id": "",
            "subnet_id": "subnet-0653ffa0802a1e05c",
            "tags": {
              "Name": "cicd-dashboard-instance"
            },
            "tags_all": {
              "CreatedBy": "ai-assisted",
              "Environment": "dev",
              "ManagedBy": "terraform",
              "Name": "cicd-dashboard-instance",
              "Project": "cicd-health-dashboard"
            },
            "tenancy": "default",
            "timeouts": null,
            "user_data": "3287b3d1984743bf96b3f85577a2920544975cdd",
            "user_data_base64": null,
            "user_data_replace_on_change": false,
            "volume_tags": null,
            "vpc_security_group_ids": [
              "sg-0f8b44050749083af"
            ]
          },
          "sensitive_attributes": [],
          "private": "eyJlMmJmYjczMC1lY2FhLTExZTYtOGY4OC0zNDM2M2JjN2M0YzAiOnsiY3JlYXRlIjo2MDAwMDAwMDAwMDAsImRlbGV0ZSI6MTIwMDAwMDAwMDAwMCwicmVhZCI6OTAwMDAwMDAwMDAwLCJ1cGRhdGUiOjYwMDAwMDAwMDAwMH0sInNjaGVtYV92ZXJzaW9uIjoiMSJ9",
          "dependencies": [
            "aws_key_pair.main",
            "aws_security_group.ec2",
            "aws_subnet.public",
            "data.aws_ami.amazon_linux"
          ],
          "create_before_destroy": true
        }
      ]
    },
    {
      "mode": "managed",
      "type": "aws_internet_gateway",
      "name": "main",
      "provider": "provider[\"registry.terraform.io/hashicorp/aws\"]",
      "instances": [
        {
          "schema_version": 0,
          "attributes": {
            "arn": "arn:aws:ec2:ap-south-1:992382739086:internet-gateway/igw-0f659da504cc25bf9",
            "id": "igw-0f659da504cc25bf9",
            "owner_id": "992382739086",
            "tags": {
              "Name": "cicd-dashboard-igw"
            },
            "tags_all": {
              "CreatedBy": "ai-assisted",
              "Environment": "dev",
              "ManagedBy": "terraform",
              "Name": "cicd-dashboard-igw",
              "Project": "cicd-health-dashboard"
            },
            "timeouts": null,
            "vpc_id": "vpc-0d4b887f95f5353cc"
          },
          "sensitive_attributes": [],
          "private": "eyJlMmJmYjczMC1lY2FhLTExZTYtOGY4OC0zNDM2M2JjN2M0YzAiOnsiY3JlYXRlIjoxMjAwMDAwMDAwMDAwLCJkZWxldGUiOjEyMDAwMDAwMDAwMDAsInVwZGF0ZSI6MTIwMDAwMDAwMDAwMH19",
          "dependencies": [
            "aws_vpc.main"
          ]
        }
      ]
    },
    {
      "mode": "managed",
      "type": "aws_key_pair",
      "name": "main",
      "provider": "provider[\"registry.terraform.io/hashicorp/aws\"]",
      "instances": [
        {
          "schema_version": 1,
          "attributes": {
            "arn": "arn:aws:ec2:ap-south-1:992382739086:key-pair/cicd-dashboard-key",
            "fingerprint": "8d:8c:48:ea:73:ce:e5:65:a4:b9:4d:47:d1:20:47:28",
            "id": "cicd-dashboard-key",
            "key_name": "cicd-dashboard-key",
            "key_name_prefix": "",
            "key_pair_id": "key-0cb273a7624d34738",
            "key_type": "rsa",
            "public_key": "ssh-rsa AAAAB3NzaC1yc2EAAAADAQABAAABgQDaaKDhAMoBTRWd2CVqE2s/QyzYtmMyAU9ph00hhBfMDnbE7nwW85nlLOdBTxXEHFeoDtMudxaPspYohOfcYbZfdW9ydtL9gDr/ijEKfFphfKCagTHAYagsrQz3CIKy372Wfc/aLGn+bXvyiupJwMofpYeTZJIQsN1FZfre7N28DcElUfmBWh4rvmjGN1FPB4PcZdXe17SckpLVyT7VcQp6qODR+l70uan55EevRzBqPLhhXEJjtlojdjK04u1Cqeczsfwm1lUYNKQHG0Vzm4FJ1RBvor9Y7c4T8ewRm6PatnThP8D4KqJJPshvlb3VTvwD2ftwi1KIcwitO0ryHma+j/t285OTGyLAVHeHH7t05P11YJ32NDNgABqQSqpwQGgo/1gzYuwifmwMszlzSPp8JuEYYXi0hjWYcXrMFX7Vu69kcTh5E6Pv29c4F8hlSbGb6FUcETRhoSrSFE2JshhYz/CO7eeAWdw3MIrYPzO3Jo1ba+E7QI7/q++vZDKwSw8= nitinw@NitinW-mac.local",
            "tags": {
              "Name": "cicd-dashboard-keypair"
            },
            "tags_all": {
              "CreatedBy": "ai-assisted",
              "Environment": "dev",
              "ManagedBy": "terraform",
              "Name": "cicd-dashboard-keypair",
              "Project": "cicd-health-dashboard"
            }
          },
          "sensitive_attributes": [],
          "private": "eyJzY2hlbWFfdmVyc2lvbiI6IjEifQ==",
          "create_before_destroy": true
        }
      ]
    },
    {
      "mode": "managed",
      "type": "aws_route_table",
      "name": "public",
      "provider": "provider[\"registry.terraform.io/hashicorp/aws\"]",
      "instances": [
        {
          "schema_version": 0,
          "attributes": {
            "arn": "arn:aws:ec2:ap-south-1:992382739086:route-table/rtb-0100c6cf337cda2c2",
            "id": "rtb-0100c6cf337cda2c2",
            "owner_id": "992382739086",
            "propagating_vgws": [],
            "route": [
              {
                "carrier_gateway_id": "",
                "cidr_block": "0.0.0.0/0",
                "core_network_arn": "",
                "destination_prefix_list_id": "",
                "egress_only_gateway_id": "",
                "gateway_id": "igw-0f659da504cc25bf9",
                "ipv6_cidr_block": "",
                "local_gateway_id": "",
                "nat_gateway_id": "",
                "network_interface_id": "",
                "transit_gateway_id": "",
                "vpc_endpoint_id": "",
                "vpc_peering_connection_id": ""
              }
            ],
            "tags": {
              "Name": "cicd-dashboard-public-rt"
            },
            "tags_all": {
              "CreatedBy": "ai-assisted",
              "Environment": "dev",
              "ManagedBy": "terraform",
              "Name": "cicd-dashboard-public-rt",
              "Project": "cicd-health-dashboard"
            },
            "timeouts": null,
            "vpc_id": "vpc-0d4b887f95f5353cc"
          },
          "sensitive_attributes": [],
          "private": "eyJlMmJmYjczMC1lY2FhLTExZTYtOGY4OC0zNDM2M2JjN2M0YzAiOnsiY3JlYXRlIjozMDAwMDAwMDAwMDAsImRlbGV0ZSI6MzAwMDAwMDAwMDAwLCJ1cGRhdGUiOjEyMDAwMDAwMDAwMH19",
          "dependencies": [
            "aws_internet_gateway.main",
            "aws_vpc.main"
          ]
        }
      ]
    },
    {
      "mode": "managed",
      "type": "aws_route_table_association",
      "name": "public",
      "provider": "provider[\"registry.terraform.io/hashicorp/aws\"]",
      "instances": [
        {
          "index_key": 0,
          "schema_version": 0,
          "attributes": {
            "gateway_id": "",
            "id": "rtbassoc-0c9a07788d13ab2f2",
            "route_table_id": "rtb-0100c6cf337cda2c2",
            "subnet_id": "subnet-0653ffa0802a1e05c",
            "timeouts": null
          },
          "sensitive_attributes": [],
          "private": "eyJlMmJmYjczMC1lY2FhLTExZTYtOGY4OC0zNDM2M2JjN2M0YzAiOnsiY3JlYXRlIjozMDAwMDAwMDAwMDAsImRlbGV0ZSI6MzAwMDAwMDAwMDAwLCJ1cGRhdGUiOjEyMDAwMDAwMDAwMH19",
          "dependencies": [
            "aws_internet_gateway.main",
            "aws_route_table.public",
            "aws_subnet.public",
            "aws_vpc.main",
            "data.aws_availability_zones.available"
          ]
        },
        {
          "index_key": 1,
          "schema_version": 0,
          "attributes": {
            "gateway_id": "",
            "id": "rtbassoc-033e73728e22f2e4e",
            "route_table_id": "rtb-0100c6cf337cda2c2",
            "subnet_id": "subnet-0547261d1c1839949",
            "timeouts": null
          },
          "sensitive_attributes": [],
          "private": "eyJlMmJmYjczMC1lY2FhLTExZTYtOGY4OC0zNDM2M2JjN2M0YzAiOnsiY3JlYXRlIjozMDAwMDAwMDAwMDAsImRlbGV0ZSI6MzAwMDAwMDAwMDAwLCJ1cGRhdGUiOjEyMDAwMDAwMDAwMH19",
          "dependencies": [
            "aws_internet_gateway.main",
            "aws_route_table.public",
            "aws_subnet.public",
            "aws_vpc.main",
            "data.aws_availability_zones.available"
          ]
        }
      ]
    },
    {
      "mode": "managed",
      "type": "aws_security_group",
      "name": "ec2",
      "provider": "provider[\"registry.terraform.io/hashicorp/aws\"]",
      "instances": [
        {
          "schema_version": 1,
          "attributes": {
            "arn": "arn:aws:ec2:ap-south-1:992382739086:security-group/sg-0f8b44050749083af",
            "description": "Managed by Terraform",
            "egress": [
              {
                "cidr_blocks": [
                  "0.0.0.0/0"
                ],
                "description": "All outbound traffic",
                "from_port": 0,
                "ipv6_cidr_blocks": [],
                "prefix_list_ids": [],
                "protocol": "-1",
                "security_groups": [],
                "self": false,
                "to_port": 0
              }
            ],
            "id": "sg-0f8b44050749083af",
            "ingress": [
              {
                "cidr_blocks": [
                  "0.0.0.0/0"
                ],
                "description": "Backend API",
                "from_port": 8000,
                "ipv6_cidr_blocks": [],
                "prefix_list_ids": [],
                "protocol": "tcp",
                "security_groups": [],
                "self": false,
                "to_port": 8000
              },
              {
                "cidr_blocks": [
                  "0.0.0.0/0"
                ],
                "description": "Dashboard frontend",
                "from_port": 3000,
                "ipv6_cidr_blocks": [],
                "prefix_list_ids": [],
                "protocol": "tcp",
                "security_groups": [],
                "self": false,
                "to_port": 3000
              },
              {
                "cidr_blocks": [
                  "0.0.0.0/0"
                ],
                "description": "Jenkins",
                "from_port": 8080,
                "ipv6_cidr_blocks": [],
                "prefix_list_ids": [],
                "protocol": "tcp",
                "security_groups": [],
                "self": false,
                "to_port": 8080
              },
              {
                "cidr_blocks": [
                  "0.0.0.0/0"
                ],
                "description": "SSH access",
                "from_port": 22,
                "ipv6_cidr_blocks": [],
                "prefix_list_ids": [],
                "protocol": "tcp",
                "security_groups": [],
                "self": false,
                "to_port": 22
              }
            ],
            "name": "cicd-dashboard-ec2-20250918131225751900000001",
            "name_prefix": "cicd-dashboard-ec2-",
            "owner_id": "992382739086",
            "revoke_rules_on_delete": false,
            "tags": {
              "Name": "cicd-dashboard-ec2-sg"
            },
            "tags_all": {
              "CreatedBy": "ai-assisted",
              "Environment": "dev",
              "ManagedBy": "terraform",
              "Name": "cicd-dashboard-ec2-sg",
              "Project": "cicd-health-dashboard"
            },
            "timeouts": null,
            "vpc_id": "vpc-0d4b887f95f5353cc"
          },
          "sensitive_attributes": [],
          "private": "eyJlMmJmYjczMC1lY2FhLTExZTYtOGY4OC0zNDM2M2JjN2M0YzAiOnsiY3JlYXRlIjo2MDAwMDAwMDAwMDAsImRlbGV0ZSI6OTAwMDAwMDAwMDAwfSwic2NoZW1hX3ZlcnNpb24iOiIxIn0=",
          "dependencies": [
            "aws_vpc.main"
          ],
          "create_before_destroy": true
        }
      ]
    },
    {
      "mode": "managed",
      "type": "aws_subnet",
      "name": "private",
      "provider": "provider[\"registry.terraform.io/hashicorp/aws\"]",
      "instances": [
        {
          "index_key": 0,
          "schema_version": 1,
          "attributes": {
            "arn": "arn:aws:ec2:ap-south-1:992382739086:subnet/subnet-041ed922b48dbcd86",
            "assign_ipv6_address_on_creation": false,
            "availability_zone": "ap-south-1a",
            "availability_zone_id": "aps1-az1",
            "cidr_block": "10.0.10.0/24",
            "customer_owned_ipv4_pool": "",
            "enable_dns64": false,
            "enable_lni_at_device_index": 0,
            "enable_resource_name_dns_a_record_on_launch": false,
            "enable_resource_name_dns_aaaa_record_on_launch": false,
            "id": "subnet-041ed922b48dbcd86",
            "ipv6_cidr_block": "",
            "ipv6_cidr_block_association_id": "",
            "ipv6_native": false,
            "map_customer_owned_ip_on_launch": false,
            "map_public_ip_on_launch": false,
            "outpost_arn": "",
            "owner_id": "992382739086",
            "private_dns_hostname_type_on_launch": "ip-name",
            "tags": {
              "Name": "cicd-dashboard-private-subnet-1",
              "Type": "private"
            },
            "tags_all": {
              "CreatedBy": "ai-assisted",
              "Environment": "dev",
              "ManagedBy": "terraform",
              "Name": "cicd-dashboard-private-subnet-1",
              "Project": "cicd-health-dashboard",
              "Type": "private"
            },
            "timeouts": null,
            "vpc_id": "vpc-0d4b887f95f5353cc"
          },
          "sensitive_attributes": [],
          "private": "eyJlMmJmYjczMC1lY2FhLTExZTYtOGY4OC0zNDM2M2JjN2M0YzAiOnsiY3JlYXRlIjo2MDAwMDAwMDAwMDAsImRlbGV0ZSI6MTIwMDAwMDAwMDAwMH0sInNjaGVtYV92ZXJzaW9uIjoiMSJ9",
          "dependencies": [
            "aws_vpc.main",
            "data.aws_availability_zones.available"
          ]
        },
        {
          "index_key": 1,
          "schema_version": 1,
          "attributes": {
            "arn": "arn:aws:ec2:ap-south-1:992382739086:subnet/subnet-05c00170001795b5a",
            "assign_ipv6_address_on_creation": false,
            "availability_zone": "ap-south-1b",
            "availability_zone_id": "aps1-az3",
            "cidr_block": "10.0.20.0/24",
            "customer_owned_ipv4_pool": "",
            "enable_dns64": false,
            "enable_lni_at_device_index": 0,
            "enable_resource_name_dns_a_record_on_launch": false,
            "enable_resource_name_dns_aaaa_record_on_launch": false,
            "id": "subnet-05c00170001795b5a",
            "ipv6_cidr_block": "",
            "ipv6_cidr_block_association_id": "",
            "ipv6_native": false,
            "map_customer_owned_ip_on_launch": false,
            "map_public_ip_on_launch": false,
            "outpost_arn": "",
            "owner_id": "992382739086",
            "private_dns_hostname_type_on_launch": "ip-name",
            "tags": {
              "Name": "cicd-dashboard-private-subnet-2",
              "Type": "private"
            },
            "tags_all": {
              "CreatedBy": "ai-assisted",
              "Environment": "dev",
              "ManagedBy": "terraform",
              "Name": "cicd-dashboard-private-subnet-2",
              "Project": "cicd-health-dashboard",
              "Type": "private"
            },
            "timeouts": null,
            "vpc_id": "vpc-0d4b887f95f5353cc"
          },
          "sensitive_attributes": [],
          "private": "eyJlMmJmYjczMC1lY2FhLTExZTYtOGY4OC0zNDM2M2JjN2M0YzAiOnsiY3JlYXRlIjo2MDAwMDAwMDAwMDAsImRlbGV0ZSI6MTIwMDAwMDAwMDAwMH0sInNjaGVtYV92ZXJzaW9uIjoiMSJ9",
          "dependencies": [
            "aws_vpc.main",
            "data.aws_availability_zones.available"
          ]
        }
      ]
    },
    {
      "mode": "managed",
      "type": "aws_subnet",
      "name": "public",
      "provider": "provider[\"registry.terraform.io/hashicorp/aws\"]",
      "instances": [
        {
          "index_key": 0,
          "schema_version": 1,
          "attributes": {
            "arn": "arn:aws:ec2:ap-south-1:992382739086:subnet/subnet-0653ffa0802a1e05c",
            "assign_ipv6_address_on_creation": false,
            "availability_zone": "ap-south-1a",
            "availability_zone_id": "aps1-az1",
            "cidr_block": "10.0.1.0/24",
            "customer_owned_ipv4_pool": "",
            "enable_dns64": false,
            "enable_lni_at_device_index": 0,
            "enable_resource_name_dns_a_record_on_launch": false,
            "enable_resource_name_dns_aaaa_record_on_launch": false,
            "id": "subnet-0653ffa0802a1e05c",
            "ipv6_cidr_block": "",
            "ipv6_cidr_block_association_id": "",
            "ipv6_native": false,
            "map_customer_owned_ip_on_launch": false,
            "map_public_ip_on_launch": true,
            "outpost_arn": "",
            "owner_id": "992382739086",
            "private_dns_hostname_type_on_launch": "ip-name",
            "tags": {
              "Name": "cicd-dashboard-public-subnet-1",
              "Type": "public"
            },
            "tags_all": {
              "CreatedBy": "ai-assisted",
              "Environment": "dev",
              "ManagedBy": "terraform",
              "Name": "cicd-dashboard-public-subnet-1",
              "Project": "cicd-health-dashboard",
              "Type": "public"
            },
            "timeouts": null,
            "vpc_id": "vpc-0d4b887f95f5353cc"
          },
          "sensitive_attributes": [],
          "private": "eyJlMmJmYjczMC1lY2FhLTExZTYtOGY4OC0zNDM2M2JjN2M0YzAiOnsiY3JlYXRlIjo2MDAwMDAwMDAwMDAsImRlbGV0ZSI6MTIwMDAwMDAwMDAwMH0sInNjaGVtYV92ZXJzaW9uIjoiMSJ9",
          "dependencies": [
            "aws_vpc.main",
            "data.aws_availability_zones.available"
          ],
          "create_before_destroy": true
        },
        {
          "index_key": 1,
          "schema_version": 1,
          "attributes": {
            "arn": "arn:aws:ec2:ap-south-1:992382739086:subnet/subnet-0547261d1c1839949",
            "assign_ipv6_address_on_creation": false,
            "availability_zone": "ap-south-1b",
            "availability_zone_id": "aps1-az3",
            "cidr_block": "10.0.2.0/24",
            "customer_owned_ipv4_pool": "",
            "enable_dns64": false,
            "enable_lni_at_device_index": 0,
            "enable_resource_name_dns_a_record_on_launch": false,
            "enable_resource_name_dns_aaaa_record_on_launch": false,
            "id": "subnet-0547261d1c1839949",
            "ipv6_cidr_block": "",
            "ipv6_cidr_block_association_id": "",
            "ipv6_native": false,
            "map_customer_owned_ip_on_launch": false,
            "map_public_ip_on_launch": true,
            "outpost_arn": "",
            "owner_id": "992382739086",
            "private_dns_hostname_type_on_launch": "ip-name",
            "tags": {
              "Name": "cicd-dashboard-public-subnet-2",
              "Type": "public"
            },
            "tags_all": {
              "CreatedBy": "ai-assisted",
              "Environment": "dev",
              "ManagedBy": "terraform",
              "Name": "cicd-dashboard-public-subnet-2",
              "Project": "cicd-health-dashboard",
              "Type": "public"
            },
            "timeouts": null,
            "vpc_id": "vpc-0d4b887f95f5353cc"
          },
          "sensitive_attributes": [],
          "private": "eyJlMmJmYjczMC1lY2FhLTExZTYtOGY4OC0zNDM2M2JjN2M0YzAiOnsiY3JlYXRlIjo2MDAwMDAwMDAwMDAsImRlbGV0ZSI6MTIwMDAwMDAwMDAwMH0sInNjaGVtYV92ZXJzaW9uIjoiMSJ9",
          "dependencies": [
            "aws_vpc.main",
            "data.aws_availability_zones.available"
          ],
          "create_before_destroy": true
        }
      ]
    },
    {
      "mode": "managed",
      "type": "aws_vpc",
      "name": "main",
      "provider": "provider[\"registry.terraform.io/hashicorp/aws\"]",
      "instances": [
        {
          "schema_version": 1,
          "attributes": {
            "arn": "arn:aws:ec2:ap-south-1:992382739086:vpc/vpc-0d4b887f95f5353cc",
            "assign_generated_ipv6_cidr_block": false,
            "cidr_block": "10.0.0.0/16",
            "default_network_acl_id": "acl-00b2603646e92e90f",
            "default_route_table_id": "rtb-0ba4e8da07fcf277f",
            "default_security_group_id": "sg-0f42f248f47edd936",
            "dhcp_options_id": "dopt-0c8fe87522f708c7a",
            "enable_dns_hostnames": true,
            "enable_dns_support": true,
            "enable_network_address_usage_metrics": false,
            "id": "vpc-0d4b887f95f5353cc",
            "instance_tenancy": "default",
            "ipv4_ipam_pool_id": null,
            "ipv4_netmask_length": null,
            "ipv6_association_id": "",
            "ipv6_cidr_block": "",
            "ipv6_cidr_block_network_border_group": "",
            "ipv6_ipam_pool_id": "",
            "ipv6_netmask_length": 0,
            "main_route_table_id": "rtb-0ba4e8da07fcf277f",
            "owner_id": "992382739086",
            "tags": {
              "Name": "cicd-dashboard-vpc"
            },
            "tags_all": {
              "CreatedBy": "ai-assisted",
              "Environment": "dev",
              "ManagedBy": "terraform",
              "Name": "cicd-dashboard-vpc",
              "Project": "cicd-health-dashboard"
            }
          },
          "sensitive_attributes": [],
          "private": "eyJzY2hlbWFfdmVyc2lvbiI6IjEifQ==",
          "create_before_destroy": true
        }
      ]
    }
  ],
  "check_results": null
}
